
Microsoft Visual Studio Solution File, Format Version 12.00
# Visual Studio Version 16
VisualStudioVersion = 16.0.31515.178
MinimumVisualStudioVersion = 10.0.40219.1
Project("{FAE04EC0-301F-11D3-BF4B-00C04F79EFBC}") = "Item-Trading-App-Contracts", "Item-Trading-App-Contracts\Item-Trading-App-Contracts.csproj", "{421D5F3A-E529-42EB-B844-6B89793BEC0F}"
EndProject
Global
	GlobalSection(SolutionConfigurationPlatforms) = preSolution
		Debug|Any CPU = Debug|Any CPU
		Release|Any CPU = Release|Any CPU
	EndGlobalSection
	GlobalSection(ProjectConfigurationPlatforms) = postSolution
		{421D5F3A-E529-42EB-B844-6B89793BEC0F}.Debug|Any CPU.ActiveCfg = Debug|Any CPU
		{421D5F3A-E529-42EB-B844-6B89793BEC0F}.Debug|Any CPU.Build.0 = Debug|Any CPU
		{421D5F3A-E529-42EB-B844-6B89793BEC0F}.Release|Any CPU.ActiveCfg = Release|Any CPU
		{421D5F3A-E529-42EB-B844-6B89793BEC0F}.Release|Any CPU.Build.0 = Release|Any CPU
	EndGlobalSection
	GlobalSection(SolutionProperties) = preSolution
		HideSolutionNode = FALSE
	EndGlobalSection
	GlobalSection(ExtensibilityGlobals) = postSolution
		SolutionGuid = {64FBDBAF-CE25-40FF-AFD1-4397C53F216D}
	EndGlobalSection
EndGlobal
